
Microsoft Visual Studio Solution File, Format Version 12.00
# Visual Studio Express 2012 for Windows Desktop
Project("{FAE04EC0-301F-11D3-BF4B-00C04F79EFBC}") = "arena", "game\arena.csproj", "{22EFBB27-2AE3-4705-A5F4-EA3EFA84F561}"
	ProjectSection(ProjectDependencies) = postProject
		{3F1F5857-39DD-49D7-9181-CD372711B3FE} = {3F1F5857-39DD-49D7-9181-CD372711B3FE}
	EndProjectSection
EndProject
Project("{8BC9CEB8-8B4A-11D0-8D11-00A0C91BC942}") = "DebugAttacher", "DebugAttacher\DebugAttacher.vcxproj", "{D886CDF5-DC72-4E10-B1A9-638B85D0EF51}"
	ProjectSection(ProjectDependencies) = postProject
		{22EFBB27-2AE3-4705-A5F4-EA3EFA84F561} = {22EFBB27-2AE3-4705-A5F4-EA3EFA84F561}
	EndProjectSection
EndProject
Project("{FAE04EC0-301F-11D3-BF4B-00C04F79EFBC}") = "LibTessDotNet", "..\LibTessDotNet\LibTessDotNet.csproj", "{5EE39029-873A-45A0-9259-2198BF8729F4}"
EndProject
Project("{FAE04EC0-301F-11D3-BF4B-00C04F79EFBC}") = "LoginServer", "LoginServer\LoginServer.csproj", "{9487C3F6-1B74-4B14-B5EC-9AB52378A239}"
EndProject
Project("{FAE04EC0-301F-11D3-BF4B-00C04F79EFBC}") = "LobbyServer", "LobbyServer\LobbyServer.csproj", "{C2FCA823-4750-404F-B438-7472EDA67531}"
EndProject
Project("{FAE04EC0-301F-11D3-BF4B-00C04F79EFBC}") = "SharedCode", "SharedCode\SharedCode.csproj", "{3F1F5857-39DD-49D7-9181-CD372711B3FE}"
EndProject
Project("{FAE04EC0-301F-11D3-BF4B-00C04F79EFBC}") = "Box2CS", "..\box2c\Box2CS\Box2CS.csproj", "{CC0D251D-A2A2-49E1-8990-1BCB41AE1D16}"
EndProject
Global
	GlobalSection(SolutionConfigurationPlatforms) = preSolution
		Debug|Any CPU = Debug|Any CPU
		Debug|Mixed Platforms = Debug|Mixed Platforms
		Debug|Win32 = Debug|Win32
		Debug|x64 = Debug|x64
		Debug|x86 = Debug|x86
		DebugDouble|Any CPU = DebugDouble|Any CPU
		DebugDouble|Mixed Platforms = DebugDouble|Mixed Platforms
		DebugDouble|Win32 = DebugDouble|Win32
		DebugDouble|x64 = DebugDouble|x64
		DebugDouble|x86 = DebugDouble|x86
		Release|Any CPU = Release|Any CPU
		Release|Mixed Platforms = Release|Mixed Platforms
		Release|Win32 = Release|Win32
		Release|x64 = Release|x64
		Release|x86 = Release|x86
		ReleaseDouble|Any CPU = ReleaseDouble|Any CPU
		ReleaseDouble|Mixed Platforms = ReleaseDouble|Mixed Platforms
		ReleaseDouble|Win32 = ReleaseDouble|Win32
		ReleaseDouble|x64 = ReleaseDouble|x64
		ReleaseDouble|x86 = ReleaseDouble|x86
	EndGlobalSection
	GlobalSection(ProjectConfigurationPlatforms) = postSolution
		{22EFBB27-2AE3-4705-A5F4-EA3EFA84F561}.Debug|Any CPU.ActiveCfg = Debug|Any CPU
		{22EFBB27-2AE3-4705-A5F4-EA3EFA84F561}.Debug|Any CPU.Build.0 = Debug|Any CPU
		{22EFBB27-2AE3-4705-A5F4-EA3EFA84F561}.Debug|Mixed Platforms.ActiveCfg = Debug|Any CPU
		{22EFBB27-2AE3-4705-A5F4-EA3EFA84F561}.Debug|Mixed Platforms.Build.0 = Debug|Any CPU
		{22EFBB27-2AE3-4705-A5F4-EA3EFA84F561}.Debug|Win32.ActiveCfg = Debug|Any CPU
		{22EFBB27-2AE3-4705-A5F4-EA3EFA84F561}.Debug|x64.ActiveCfg = Debug|x64
		{22EFBB27-2AE3-4705-A5F4-EA3EFA84F561}.Debug|x64.Build.0 = Debug|x64
		{22EFBB27-2AE3-4705-A5F4-EA3EFA84F561}.Debug|x86.ActiveCfg = Debug|x86
		{22EFBB27-2AE3-4705-A5F4-EA3EFA84F561}.Debug|x86.Build.0 = Debug|x86
		{22EFBB27-2AE3-4705-A5F4-EA3EFA84F561}.DebugDouble|Any CPU.ActiveCfg = Debug|Any CPU
		{22EFBB27-2AE3-4705-A5F4-EA3EFA84F561}.DebugDouble|Any CPU.Build.0 = Debug|Any CPU
		{22EFBB27-2AE3-4705-A5F4-EA3EFA84F561}.DebugDouble|Mixed Platforms.ActiveCfg = Debug|x86
		{22EFBB27-2AE3-4705-A5F4-EA3EFA84F561}.DebugDouble|Mixed Platforms.Build.0 = Debug|x86
		{22EFBB27-2AE3-4705-A5F4-EA3EFA84F561}.DebugDouble|Win32.ActiveCfg = Debug|x86
		{22EFBB27-2AE3-4705-A5F4-EA3EFA84F561}.DebugDouble|Win32.Build.0 = Debug|x86
		{22EFBB27-2AE3-4705-A5F4-EA3EFA84F561}.DebugDouble|x64.ActiveCfg = Debug|x64
		{22EFBB27-2AE3-4705-A5F4-EA3EFA84F561}.DebugDouble|x64.Build.0 = Debug|x64
		{22EFBB27-2AE3-4705-A5F4-EA3EFA84F561}.DebugDouble|x86.ActiveCfg = Debug|x86
		{22EFBB27-2AE3-4705-A5F4-EA3EFA84F561}.DebugDouble|x86.Build.0 = Debug|x86
		{22EFBB27-2AE3-4705-A5F4-EA3EFA84F561}.Release|Any CPU.ActiveCfg = Release|Any CPU
		{22EFBB27-2AE3-4705-A5F4-EA3EFA84F561}.Release|Any CPU.Build.0 = Release|Any CPU
		{22EFBB27-2AE3-4705-A5F4-EA3EFA84F561}.Release|Mixed Platforms.ActiveCfg = Release|Any CPU
		{22EFBB27-2AE3-4705-A5F4-EA3EFA84F561}.Release|Mixed Platforms.Build.0 = Release|Any CPU
		{22EFBB27-2AE3-4705-A5F4-EA3EFA84F561}.Release|Win32.ActiveCfg = Release|Any CPU
		{22EFBB27-2AE3-4705-A5F4-EA3EFA84F561}.Release|x64.ActiveCfg = Release|x64
		{22EFBB27-2AE3-4705-A5F4-EA3EFA84F561}.Release|x64.Build.0 = Release|x64
		{22EFBB27-2AE3-4705-A5F4-EA3EFA84F561}.Release|x86.ActiveCfg = Release|x86
		{22EFBB27-2AE3-4705-A5F4-EA3EFA84F561}.Release|x86.Build.0 = Release|x86
		{22EFBB27-2AE3-4705-A5F4-EA3EFA84F561}.ReleaseDouble|Any CPU.ActiveCfg = Release|Any CPU
		{22EFBB27-2AE3-4705-A5F4-EA3EFA84F561}.ReleaseDouble|Any CPU.Build.0 = Release|Any CPU
		{22EFBB27-2AE3-4705-A5F4-EA3EFA84F561}.ReleaseDouble|Mixed Platforms.ActiveCfg = Release|x86
		{22EFBB27-2AE3-4705-A5F4-EA3EFA84F561}.ReleaseDouble|Mixed Platforms.Build.0 = Release|x86
		{22EFBB27-2AE3-4705-A5F4-EA3EFA84F561}.ReleaseDouble|Win32.ActiveCfg = Release|x86
		{22EFBB27-2AE3-4705-A5F4-EA3EFA84F561}.ReleaseDouble|Win32.Build.0 = Release|x86
		{22EFBB27-2AE3-4705-A5F4-EA3EFA84F561}.ReleaseDouble|x64.ActiveCfg = Release|x64
		{22EFBB27-2AE3-4705-A5F4-EA3EFA84F561}.ReleaseDouble|x64.Build.0 = Release|x64
		{22EFBB27-2AE3-4705-A5F4-EA3EFA84F561}.ReleaseDouble|x86.ActiveCfg = Release|x86
		{22EFBB27-2AE3-4705-A5F4-EA3EFA84F561}.ReleaseDouble|x86.Build.0 = Release|x86
		{D886CDF5-DC72-4E10-B1A9-638B85D0EF51}.Debug|Any CPU.ActiveCfg = Debug|Win32
		{D886CDF5-DC72-4E10-B1A9-638B85D0EF51}.Debug|Mixed Platforms.ActiveCfg = Debug|Win32
		{D886CDF5-DC72-4E10-B1A9-638B85D0EF51}.Debug|Mixed Platforms.Build.0 = Debug|Win32
		{D886CDF5-DC72-4E10-B1A9-638B85D0EF51}.Debug|Win32.ActiveCfg = Debug|Win32
		{D886CDF5-DC72-4E10-B1A9-638B85D0EF51}.Debug|Win32.Build.0 = Debug|Win32
		{D886CDF5-DC72-4E10-B1A9-638B85D0EF51}.Debug|x64.ActiveCfg = Debug|Win32
		{D886CDF5-DC72-4E10-B1A9-638B85D0EF51}.Debug|x64.Build.0 = Debug|Win32
		{D886CDF5-DC72-4E10-B1A9-638B85D0EF51}.Debug|x86.ActiveCfg = Debug|Win32
		{D886CDF5-DC72-4E10-B1A9-638B85D0EF51}.Debug|x86.Build.0 = Debug|Win32
		{D886CDF5-DC72-4E10-B1A9-638B85D0EF51}.DebugDouble|Any CPU.ActiveCfg = Debug|Win32
		{D886CDF5-DC72-4E10-B1A9-638B85D0EF51}.DebugDouble|Mixed Platforms.ActiveCfg = Debug|Win32
		{D886CDF5-DC72-4E10-B1A9-638B85D0EF51}.DebugDouble|Mixed Platforms.Build.0 = Debug|Win32
		{D886CDF5-DC72-4E10-B1A9-638B85D0EF51}.DebugDouble|Win32.ActiveCfg = Debug|Win32
		{D886CDF5-DC72-4E10-B1A9-638B85D0EF51}.DebugDouble|Win32.Build.0 = Debug|Win32
		{D886CDF5-DC72-4E10-B1A9-638B85D0EF51}.DebugDouble|x64.ActiveCfg = Debug|Win32
		{D886CDF5-DC72-4E10-B1A9-638B85D0EF51}.DebugDouble|x86.ActiveCfg = Debug|Win32
		{D886CDF5-DC72-4E10-B1A9-638B85D0EF51}.DebugDouble|x86.Build.0 = Debug|Win32
		{D886CDF5-DC72-4E10-B1A9-638B85D0EF51}.Release|Any CPU.ActiveCfg = Release|Win32
		{D886CDF5-DC72-4E10-B1A9-638B85D0EF51}.Release|Mixed Platforms.ActiveCfg = Release|Win32
		{D886CDF5-DC72-4E10-B1A9-638B85D0EF51}.Release|Mixed Platforms.Build.0 = Release|Win32
		{D886CDF5-DC72-4E10-B1A9-638B85D0EF51}.Release|Win32.ActiveCfg = Release|Win32
		{D886CDF5-DC72-4E10-B1A9-638B85D0EF51}.Release|Win32.Build.0 = Release|Win32
		{D886CDF5-DC72-4E10-B1A9-638B85D0EF51}.Release|x64.ActiveCfg = Release|Win32
		{D886CDF5-DC72-4E10-B1A9-638B85D0EF51}.Release|x86.ActiveCfg = Release|Win32
		{D886CDF5-DC72-4E10-B1A9-638B85D0EF51}.Release|x86.Build.0 = Release|Win32
		{D886CDF5-DC72-4E10-B1A9-638B85D0EF51}.ReleaseDouble|Any CPU.ActiveCfg = Release|Win32
		{D886CDF5-DC72-4E10-B1A9-638B85D0EF51}.ReleaseDouble|Mixed Platforms.ActiveCfg = Release|Win32
		{D886CDF5-DC72-4E10-B1A9-638B85D0EF51}.ReleaseDouble|Mixed Platforms.Build.0 = Release|Win32
		{D886CDF5-DC72-4E10-B1A9-638B85D0EF51}.ReleaseDouble|Win32.ActiveCfg = Release|Win32
		{D886CDF5-DC72-4E10-B1A9-638B85D0EF51}.ReleaseDouble|Win32.Build.0 = Release|Win32
		{D886CDF5-DC72-4E10-B1A9-638B85D0EF51}.ReleaseDouble|x64.ActiveCfg = Release|Win32
		{D886CDF5-DC72-4E10-B1A9-638B85D0EF51}.ReleaseDouble|x86.ActiveCfg = Release|Win32
		{D886CDF5-DC72-4E10-B1A9-638B85D0EF51}.ReleaseDouble|x86.Build.0 = Release|Win32
		{5EE39029-873A-45A0-9259-2198BF8729F4}.Debug|Any CPU.ActiveCfg = Debug|Any CPU
		{5EE39029-873A-45A0-9259-2198BF8729F4}.Debug|Any CPU.Build.0 = Debug|Any CPU
		{5EE39029-873A-45A0-9259-2198BF8729F4}.Debug|Mixed Platforms.ActiveCfg = Debug|Any CPU
		{5EE39029-873A-45A0-9259-2198BF8729F4}.Debug|Mixed Platforms.Build.0 = Debug|Any CPU
		{5EE39029-873A-45A0-9259-2198BF8729F4}.Debug|Win32.ActiveCfg = Debug|Any CPU
		{5EE39029-873A-45A0-9259-2198BF8729F4}.Debug|x64.ActiveCfg = Debug|Any CPU
		{5EE39029-873A-45A0-9259-2198BF8729F4}.Debug|x86.ActiveCfg = Debug|Any CPU
		{5EE39029-873A-45A0-9259-2198BF8729F4}.DebugDouble|Any CPU.ActiveCfg = DebugDouble|Any CPU
		{5EE39029-873A-45A0-9259-2198BF8729F4}.DebugDouble|Any CPU.Build.0 = DebugDouble|Any CPU
		{5EE39029-873A-45A0-9259-2198BF8729F4}.DebugDouble|Mixed Platforms.ActiveCfg = DebugDouble|Any CPU
		{5EE39029-873A-45A0-9259-2198BF8729F4}.DebugDouble|Mixed Platforms.Build.0 = DebugDouble|Any CPU
		{5EE39029-873A-45A0-9259-2198BF8729F4}.DebugDouble|Win32.ActiveCfg = DebugDouble|Any CPU
		{5EE39029-873A-45A0-9259-2198BF8729F4}.DebugDouble|x64.ActiveCfg = DebugDouble|Any CPU
		{5EE39029-873A-45A0-9259-2198BF8729F4}.DebugDouble|x86.ActiveCfg = DebugDouble|Any CPU
		{5EE39029-873A-45A0-9259-2198BF8729F4}.Release|Any CPU.ActiveCfg = Release|Any CPU
		{5EE39029-873A-45A0-9259-2198BF8729F4}.Release|Any CPU.Build.0 = Release|Any CPU
		{5EE39029-873A-45A0-9259-2198BF8729F4}.Release|Mixed Platforms.ActiveCfg = Release|Any CPU
		{5EE39029-873A-45A0-9259-2198BF8729F4}.Release|Mixed Platforms.Build.0 = Release|Any CPU
		{5EE39029-873A-45A0-9259-2198BF8729F4}.Release|Win32.ActiveCfg = Release|Any CPU
		{5EE39029-873A-45A0-9259-2198BF8729F4}.Release|x64.ActiveCfg = Release|Any CPU
		{5EE39029-873A-45A0-9259-2198BF8729F4}.Release|x86.ActiveCfg = Release|Any CPU
		{5EE39029-873A-45A0-9259-2198BF8729F4}.ReleaseDouble|Any CPU.ActiveCfg = ReleaseDouble|Any CPU
		{5EE39029-873A-45A0-9259-2198BF8729F4}.ReleaseDouble|Any CPU.Build.0 = ReleaseDouble|Any CPU
		{5EE39029-873A-45A0-9259-2198BF8729F4}.ReleaseDouble|Mixed Platforms.ActiveCfg = ReleaseDouble|Any CPU
		{5EE39029-873A-45A0-9259-2198BF8729F4}.ReleaseDouble|Mixed Platforms.Build.0 = ReleaseDouble|Any CPU
		{5EE39029-873A-45A0-9259-2198BF8729F4}.ReleaseDouble|Win32.ActiveCfg = ReleaseDouble|Any CPU
		{5EE39029-873A-45A0-9259-2198BF8729F4}.ReleaseDouble|x64.ActiveCfg = ReleaseDouble|Any CPU
		{5EE39029-873A-45A0-9259-2198BF8729F4}.ReleaseDouble|x86.ActiveCfg = ReleaseDouble|Any CPU
		{9487C3F6-1B74-4B14-B5EC-9AB52378A239}.Debug|Any CPU.ActiveCfg = Debug|Any CPU
		{9487C3F6-1B74-4B14-B5EC-9AB52378A239}.Debug|Any CPU.Build.0 = Debug|Any CPU
		{9487C3F6-1B74-4B14-B5EC-9AB52378A239}.Debug|Mixed Platforms.ActiveCfg = Debug|Any CPU
		{9487C3F6-1B74-4B14-B5EC-9AB52378A239}.Debug|Mixed Platforms.Build.0 = Debug|Any CPU
		{9487C3F6-1B74-4B14-B5EC-9AB52378A239}.Debug|Win32.ActiveCfg = Debug|Any CPU
		{9487C3F6-1B74-4B14-B5EC-9AB52378A239}.Debug|x64.ActiveCfg = Debug|Any CPU
		{9487C3F6-1B74-4B14-B5EC-9AB52378A239}.Debug|x86.ActiveCfg = Debug|Any CPU
		{9487C3F6-1B74-4B14-B5EC-9AB52378A239}.DebugDouble|Any CPU.ActiveCfg = Debug|Any CPU
		{9487C3F6-1B74-4B14-B5EC-9AB52378A239}.DebugDouble|Any CPU.Build.0 = Debug|Any CPU
		{9487C3F6-1B74-4B14-B5EC-9AB52378A239}.DebugDouble|Mixed Platforms.ActiveCfg = Debug|Any CPU
		{9487C3F6-1B74-4B14-B5EC-9AB52378A239}.DebugDouble|Mixed Platforms.Build.0 = Debug|Any CPU
		{9487C3F6-1B74-4B14-B5EC-9AB52378A239}.DebugDouble|Win32.ActiveCfg = Debug|Any CPU
		{9487C3F6-1B74-4B14-B5EC-9AB52378A239}.DebugDouble|x64.ActiveCfg = Debug|Any CPU
		{9487C3F6-1B74-4B14-B5EC-9AB52378A239}.DebugDouble|x86.ActiveCfg = Debug|Any CPU
		{9487C3F6-1B74-4B14-B5EC-9AB52378A239}.Release|Any CPU.ActiveCfg = Release|Any CPU
		{9487C3F6-1B74-4B14-B5EC-9AB52378A239}.Release|Any CPU.Build.0 = Release|Any CPU
		{9487C3F6-1B74-4B14-B5EC-9AB52378A239}.Release|Mixed Platforms.ActiveCfg = Release|Any CPU
		{9487C3F6-1B74-4B14-B5EC-9AB52378A239}.Release|Mixed Platforms.Build.0 = Release|Any CPU
		{9487C3F6-1B74-4B14-B5EC-9AB52378A239}.Release|Win32.ActiveCfg = Release|Any CPU
		{9487C3F6-1B74-4B14-B5EC-9AB52378A239}.Release|x64.ActiveCfg = Release|Any CPU
		{9487C3F6-1B74-4B14-B5EC-9AB52378A239}.Release|x86.ActiveCfg = Release|Any CPU
		{9487C3F6-1B74-4B14-B5EC-9AB52378A239}.ReleaseDouble|Any CPU.ActiveCfg = Release|Any CPU
		{9487C3F6-1B74-4B14-B5EC-9AB52378A239}.ReleaseDouble|Any CPU.Build.0 = Release|Any CPU
		{9487C3F6-1B74-4B14-B5EC-9AB52378A239}.ReleaseDouble|Mixed Platforms.ActiveCfg = Release|Any CPU
		{9487C3F6-1B74-4B14-B5EC-9AB52378A239}.ReleaseDouble|Mixed Platforms.Build.0 = Release|Any CPU
		{9487C3F6-1B74-4B14-B5EC-9AB52378A239}.ReleaseDouble|Win32.ActiveCfg = Release|Any CPU
		{9487C3F6-1B74-4B14-B5EC-9AB52378A239}.ReleaseDouble|x64.ActiveCfg = Release|Any CPU
		{9487C3F6-1B74-4B14-B5EC-9AB52378A239}.ReleaseDouble|x86.ActiveCfg = Release|Any CPU
		{C2FCA823-4750-404F-B438-7472EDA67531}.Debug|Any CPU.ActiveCfg = Debug|Any CPU
		{C2FCA823-4750-404F-B438-7472EDA67531}.Debug|Any CPU.Build.0 = Debug|Any CPU
		{C2FCA823-4750-404F-B438-7472EDA67531}.Debug|Mixed Platforms.ActiveCfg = Debug|Any CPU
		{C2FCA823-4750-404F-B438-7472EDA67531}.Debug|Mixed Platforms.Build.0 = Debug|Any CPU
		{C2FCA823-4750-404F-B438-7472EDA67531}.Debug|Win32.ActiveCfg = Debug|Any CPU
		{C2FCA823-4750-404F-B438-7472EDA67531}.Debug|x64.ActiveCfg = Debug|Any CPU
		{C2FCA823-4750-404F-B438-7472EDA67531}.Debug|x86.ActiveCfg = Debug|Any CPU
		{C2FCA823-4750-404F-B438-7472EDA67531}.DebugDouble|Any CPU.ActiveCfg = Debug|Any CPU
		{C2FCA823-4750-404F-B438-7472EDA67531}.DebugDouble|Any CPU.Build.0 = Debug|Any CPU
		{C2FCA823-4750-404F-B438-7472EDA67531}.DebugDouble|Mixed Platforms.ActiveCfg = Debug|Any CPU
		{C2FCA823-4750-404F-B438-7472EDA67531}.DebugDouble|Mixed Platforms.Build.0 = Debug|Any CPU
		{C2FCA823-4750-404F-B438-7472EDA67531}.DebugDouble|Win32.ActiveCfg = Debug|Any CPU
		{C2FCA823-4750-404F-B438-7472EDA67531}.DebugDouble|x64.ActiveCfg = Debug|Any CPU
		{C2FCA823-4750-404F-B438-7472EDA67531}.DebugDouble|x86.ActiveCfg = Debug|Any CPU
		{C2FCA823-4750-404F-B438-7472EDA67531}.Release|Any CPU.ActiveCfg = Release|Any CPU
		{C2FCA823-4750-404F-B438-7472EDA67531}.Release|Any CPU.Build.0 = Release|Any CPU
		{C2FCA823-4750-404F-B438-7472EDA67531}.Release|Mixed Platforms.ActiveCfg = Release|Any CPU
		{C2FCA823-4750-404F-B438-7472EDA67531}.Release|Mixed Platforms.Build.0 = Release|Any CPU
		{C2FCA823-4750-404F-B438-7472EDA67531}.Release|Win32.ActiveCfg = Release|Any CPU
		{C2FCA823-4750-404F-B438-7472EDA67531}.Release|x64.ActiveCfg = Release|Any CPU
		{C2FCA823-4750-404F-B438-7472EDA67531}.Release|x86.ActiveCfg = Release|Any CPU
		{C2FCA823-4750-404F-B438-7472EDA67531}.ReleaseDouble|Any CPU.ActiveCfg = Release|Any CPU
		{C2FCA823-4750-404F-B438-7472EDA67531}.ReleaseDouble|Any CPU.Build.0 = Release|Any CPU
		{C2FCA823-4750-404F-B438-7472EDA67531}.ReleaseDouble|Mixed Platforms.ActiveCfg = Release|Any CPU
		{C2FCA823-4750-404F-B438-7472EDA67531}.ReleaseDouble|Mixed Platforms.Build.0 = Release|Any CPU
		{C2FCA823-4750-404F-B438-7472EDA67531}.ReleaseDouble|Win32.ActiveCfg = Release|Any CPU
		{C2FCA823-4750-404F-B438-7472EDA67531}.ReleaseDouble|x64.ActiveCfg = Release|Any CPU
		{C2FCA823-4750-404F-B438-7472EDA67531}.ReleaseDouble|x86.ActiveCfg = Release|Any CPU
		{3F1F5857-39DD-49D7-9181-CD372711B3FE}.Debug|Any CPU.ActiveCfg = Debug|Any CPU
		{3F1F5857-39DD-49D7-9181-CD372711B3FE}.Debug|Any CPU.Build.0 = Debug|Any CPU
		{3F1F5857-39DD-49D7-9181-CD372711B3FE}.Debug|Mixed Platforms.ActiveCfg = Debug|Any CPU
		{3F1F5857-39DD-49D7-9181-CD372711B3FE}.Debug|Mixed Platforms.Build.0 = Debug|Any CPU
		{3F1F5857-39DD-49D7-9181-CD372711B3FE}.Debug|Win32.ActiveCfg = Debug|Any CPU
		{3F1F5857-39DD-49D7-9181-CD372711B3FE}.Debug|x64.ActiveCfg = Debug|Any CPU
		{3F1F5857-39DD-49D7-9181-CD372711B3FE}.Debug|x86.ActiveCfg = Debug|Any CPU
		{3F1F5857-39DD-49D7-9181-CD372711B3FE}.DebugDouble|Any CPU.ActiveCfg = Debug|Any CPU
		{3F1F5857-39DD-49D7-9181-CD372711B3FE}.DebugDouble|Any CPU.Build.0 = Debug|Any CPU
		{3F1F5857-39DD-49D7-9181-CD372711B3FE}.DebugDouble|Mixed Platforms.ActiveCfg = Debug|Any CPU
		{3F1F5857-39DD-49D7-9181-CD372711B3FE}.DebugDouble|Mixed Platforms.Build.0 = Debug|Any CPU
		{3F1F5857-39DD-49D7-9181-CD372711B3FE}.DebugDouble|Win32.ActiveCfg = Debug|Any CPU
		{3F1F5857-39DD-49D7-9181-CD372711B3FE}.DebugDouble|x64.ActiveCfg = Debug|Any CPU
		{3F1F5857-39DD-49D7-9181-CD372711B3FE}.DebugDouble|x86.ActiveCfg = Debug|Any CPU
		{3F1F5857-39DD-49D7-9181-CD372711B3FE}.Release|Any CPU.ActiveCfg = Release|Any CPU
		{3F1F5857-39DD-49D7-9181-CD372711B3FE}.Release|Any CPU.Build.0 = Release|Any CPU
		{3F1F5857-39DD-49D7-9181-CD372711B3FE}.Release|Mixed Platforms.ActiveCfg = Release|Any CPU
		{3F1F5857-39DD-49D7-9181-CD372711B3FE}.Release|Mixed Platforms.Build.0 = Release|Any CPU
		{3F1F5857-39DD-49D7-9181-CD372711B3FE}.Release|Win32.ActiveCfg = Release|Any CPU
		{3F1F5857-39DD-49D7-9181-CD372711B3FE}.Release|x64.ActiveCfg = Release|Any CPU
		{3F1F5857-39DD-49D7-9181-CD372711B3FE}.Release|x86.ActiveCfg = Release|Any CPU
		{3F1F5857-39DD-49D7-9181-CD372711B3FE}.ReleaseDouble|Any CPU.ActiveCfg = Release|Any CPU
		{3F1F5857-39DD-49D7-9181-CD372711B3FE}.ReleaseDouble|Any CPU.Build.0 = Release|Any CPU
		{3F1F5857-39DD-49D7-9181-CD372711B3FE}.ReleaseDouble|Mixed Platforms.ActiveCfg = Release|Any CPU
		{3F1F5857-39DD-49D7-9181-CD372711B3FE}.ReleaseDouble|Mixed Platforms.Build.0 = Release|Any CPU
		{3F1F5857-39DD-49D7-9181-CD372711B3FE}.ReleaseDouble|Win32.ActiveCfg = Release|Any CPU
		{3F1F5857-39DD-49D7-9181-CD372711B3FE}.ReleaseDouble|x64.ActiveCfg = Release|Any CPU
		{3F1F5857-39DD-49D7-9181-CD372711B3FE}.ReleaseDouble|x86.ActiveCfg = Release|Any CPU
		{CC0D251D-A2A2-49E1-8990-1BCB41AE1D16}.Debug|Any CPU.ActiveCfg = Debug|Any CPU
		{CC0D251D-A2A2-49E1-8990-1BCB41AE1D16}.Debug|Any CPU.Build.0 = Debug|Any CPU
		{CC0D251D-A2A2-49E1-8990-1BCB41AE1D16}.Debug|Mixed Platforms.ActiveCfg = Debug|x86
		{CC0D251D-A2A2-49E1-8990-1BCB41AE1D16}.Debug|Mixed Platforms.Build.0 = Debug|x86
		{CC0D251D-A2A2-49E1-8990-1BCB41AE1D16}.Debug|Win32.ActiveCfg = Debug|x86
		{CC0D251D-A2A2-49E1-8990-1BCB41AE1D16}.Debug|Win32.Build.0 = Debug|x86
		{CC0D251D-A2A2-49E1-8990-1BCB41AE1D16}.Debug|x64.ActiveCfg = Debug|x64
		{CC0D251D-A2A2-49E1-8990-1BCB41AE1D16}.Debug|x64.Build.0 = Debug|x64
		{CC0D251D-A2A2-49E1-8990-1BCB41AE1D16}.Debug|x86.ActiveCfg = Debug|x86
		{CC0D251D-A2A2-49E1-8990-1BCB41AE1D16}.Debug|x86.Build.0 = Debug|x86
		{CC0D251D-A2A2-49E1-8990-1BCB41AE1D16}.DebugDouble|Any CPU.ActiveCfg = Debug|Any CPU
		{CC0D251D-A2A2-49E1-8990-1BCB41AE1D16}.DebugDouble|Any CPU.Build.0 = Debug|Any CPU
		{CC0D251D-A2A2-49E1-8990-1BCB41AE1D16}.DebugDouble|Mixed Platforms.ActiveCfg = Debug|x86
		{CC0D251D-A2A2-49E1-8990-1BCB41AE1D16}.DebugDouble|Mixed Platforms.Build.0 = Debug|x86
		{CC0D251D-A2A2-49E1-8990-1BCB41AE1D16}.DebugDouble|Win32.ActiveCfg = Debug|x86
		{CC0D251D-A2A2-49E1-8990-1BCB41AE1D16}.DebugDouble|Win32.Build.0 = Debug|x86
		{CC0D251D-A2A2-49E1-8990-1BCB41AE1D16}.DebugDouble|x64.ActiveCfg = Debug|x64
		{CC0D251D-A2A2-49E1-8990-1BCB41AE1D16}.DebugDouble|x64.Build.0 = Debug|x64
		{CC0D251D-A2A2-49E1-8990-1BCB41AE1D16}.DebugDouble|x86.ActiveCfg = Debug|x86
		{CC0D251D-A2A2-49E1-8990-1BCB41AE1D16}.DebugDouble|x86.Build.0 = Debug|x86
		{CC0D251D-A2A2-49E1-8990-1BCB41AE1D16}.Release|Any CPU.ActiveCfg = Release|Any CPU
		{CC0D251D-A2A2-49E1-8990-1BCB41AE1D16}.Release|Any CPU.Build.0 = Release|Any CPU
		{CC0D251D-A2A2-49E1-8990-1BCB41AE1D16}.Release|Mixed Platforms.ActiveCfg = Release|x86
		{CC0D251D-A2A2-49E1-8990-1BCB41AE1D16}.Release|Mixed Platforms.Build.0 = Release|x86
		{CC0D251D-A2A2-49E1-8990-1BCB41AE1D16}.Release|Win32.ActiveCfg = Release|x86
		{CC0D251D-A2A2-49E1-8990-1BCB41AE1D16}.Release|Win32.Build.0 = Release|x86
		{CC0D251D-A2A2-49E1-8990-1BCB41AE1D16}.Release|x64.ActiveCfg = Release|x64
		{CC0D251D-A2A2-49E1-8990-1BCB41AE1D16}.Release|x64.Build.0 = Release|x64
		{CC0D251D-A2A2-49E1-8990-1BCB41AE1D16}.Release|x86.ActiveCfg = Release|x86
		{CC0D251D-A2A2-49E1-8990-1BCB41AE1D16}.Release|x86.Build.0 = Release|x86
		{CC0D251D-A2A2-49E1-8990-1BCB41AE1D16}.ReleaseDouble|Any CPU.ActiveCfg = Release|Any CPU
		{CC0D251D-A2A2-49E1-8990-1BCB41AE1D16}.ReleaseDouble|Any CPU.Build.0 = Release|Any CPU
		{CC0D251D-A2A2-49E1-8990-1BCB41AE1D16}.ReleaseDouble|Mixed Platforms.ActiveCfg = Release|x86
		{CC0D251D-A2A2-49E1-8990-1BCB41AE1D16}.ReleaseDouble|Mixed Platforms.Build.0 = Release|x86
		{CC0D251D-A2A2-49E1-8990-1BCB41AE1D16}.ReleaseDouble|Win32.ActiveCfg = Release|x86
		{CC0D251D-A2A2-49E1-8990-1BCB41AE1D16}.ReleaseDouble|Win32.Build.0 = Release|x86
		{CC0D251D-A2A2-49E1-8990-1BCB41AE1D16}.ReleaseDouble|x64.ActiveCfg = Release|x64
		{CC0D251D-A2A2-49E1-8990-1BCB41AE1D16}.ReleaseDouble|x64.Build.0 = Release|x64
		{CC0D251D-A2A2-49E1-8990-1BCB41AE1D16}.ReleaseDouble|x86.ActiveCfg = Release|x86
		{CC0D251D-A2A2-49E1-8990-1BCB41AE1D16}.ReleaseDouble|x86.Build.0 = Release|x86
	EndGlobalSection
	GlobalSection(SolutionProperties) = preSolution
		HideSolutionNode = FALSE
	EndGlobalSection
EndGlobal
