
Microsoft Visual Studio Solution File, Format Version 12.00
# Visual Studio Express 2012 for Windows Desktop
Project("{FAE04EC0-301F-11D3-BF4B-00C04F79EFBC}") = "arena", "game\arena.csproj", "{22EFBB27-2AE3-4705-A5F4-EA3EFA84F561}"
EndProject
Project("{8BC9CEB8-8B4A-11D0-8D11-00A0C91BC942}") = "DebugAttacher", "DebugAttacher\DebugAttacher.vcxproj", "{D886CDF5-DC72-4E10-B1A9-638B85D0EF51}"
	ProjectSection(ProjectDependencies) = postProject
		{22EFBB27-2AE3-4705-A5F4-EA3EFA84F561} = {22EFBB27-2AE3-4705-A5F4-EA3EFA84F561}
	EndProjectSection
EndProject
Global
	GlobalSection(SolutionConfigurationPlatforms) = preSolution
		Debug|Any CPU = Debug|Any CPU
		Debug|Mixed Platforms = Debug|Mixed Platforms
		Debug|Win32 = Debug|Win32
		Debug|x64 = Debug|x64
		Debug|x86 = Debug|x86
		Release|Any CPU = Release|Any CPU
		Release|Mixed Platforms = Release|Mixed Platforms
		Release|Win32 = Release|Win32
		Release|x64 = Release|x64
		Release|x86 = Release|x86
	EndGlobalSection
	GlobalSection(ProjectConfigurationPlatforms) = postSolution
		{22EFBB27-2AE3-4705-A5F4-EA3EFA84F561}.Debug|Any CPU.ActiveCfg = Debug|Any CPU
		{22EFBB27-2AE3-4705-A5F4-EA3EFA84F561}.Debug|Any CPU.Build.0 = Debug|Any CPU
		{22EFBB27-2AE3-4705-A5F4-EA3EFA84F561}.Debug|Mixed Platforms.ActiveCfg = Debug|Any CPU
		{22EFBB27-2AE3-4705-A5F4-EA3EFA84F561}.Debug|Mixed Platforms.Build.0 = Debug|Any CPU
		{22EFBB27-2AE3-4705-A5F4-EA3EFA84F561}.Debug|Win32.ActiveCfg = Debug|Any CPU
		{22EFBB27-2AE3-4705-A5F4-EA3EFA84F561}.Debug|x64.ActiveCfg = Debug|x64
		{22EFBB27-2AE3-4705-A5F4-EA3EFA84F561}.Debug|x64.Build.0 = Debug|x64
		{22EFBB27-2AE3-4705-A5F4-EA3EFA84F561}.Debug|x86.ActiveCfg = Debug|x86
		{22EFBB27-2AE3-4705-A5F4-EA3EFA84F561}.Debug|x86.Build.0 = Debug|x86
		{22EFBB27-2AE3-4705-A5F4-EA3EFA84F561}.Release|Any CPU.ActiveCfg = Release|Any CPU
		{22EFBB27-2AE3-4705-A5F4-EA3EFA84F561}.Release|Any CPU.Build.0 = Release|Any CPU
		{22EFBB27-2AE3-4705-A5F4-EA3EFA84F561}.Release|Mixed Platforms.ActiveCfg = Release|Any CPU
		{22EFBB27-2AE3-4705-A5F4-EA3EFA84F561}.Release|Mixed Platforms.Build.0 = Release|Any CPU
		{22EFBB27-2AE3-4705-A5F4-EA3EFA84F561}.Release|Win32.ActiveCfg = Release|Any CPU
		{22EFBB27-2AE3-4705-A5F4-EA3EFA84F561}.Release|x64.ActiveCfg = Release|x64
		{22EFBB27-2AE3-4705-A5F4-EA3EFA84F561}.Release|x64.Build.0 = Release|x64
		{22EFBB27-2AE3-4705-A5F4-EA3EFA84F561}.Release|x86.ActiveCfg = Release|x86
		{22EFBB27-2AE3-4705-A5F4-EA3EFA84F561}.Release|x86.Build.0 = Release|x86
		{D886CDF5-DC72-4E10-B1A9-638B85D0EF51}.Debug|Any CPU.ActiveCfg = Debug|Win32
		{D886CDF5-DC72-4E10-B1A9-638B85D0EF51}.Debug|Mixed Platforms.ActiveCfg = Debug|Win32
		{D886CDF5-DC72-4E10-B1A9-638B85D0EF51}.Debug|Mixed Platforms.Build.0 = Debug|Win32
		{D886CDF5-DC72-4E10-B1A9-638B85D0EF51}.Debug|Win32.ActiveCfg = Debug|Win32
		{D886CDF5-DC72-4E10-B1A9-638B85D0EF51}.Debug|Win32.Build.0 = Debug|Win32
		{D886CDF5-DC72-4E10-B1A9-638B85D0EF51}.Debug|x64.ActiveCfg = Debug|Win32
		{D886CDF5-DC72-4E10-B1A9-638B85D0EF51}.Debug|x64.Build.0 = Debug|Win32
		{D886CDF5-DC72-4E10-B1A9-638B85D0EF51}.Debug|x86.ActiveCfg = Debug|Win32
		{D886CDF5-DC72-4E10-B1A9-638B85D0EF51}.Debug|x86.Build.0 = Debug|Win32
		{D886CDF5-DC72-4E10-B1A9-638B85D0EF51}.Release|Any CPU.ActiveCfg = Release|Win32
		{D886CDF5-DC72-4E10-B1A9-638B85D0EF51}.Release|Mixed Platforms.ActiveCfg = Release|Win32
		{D886CDF5-DC72-4E10-B1A9-638B85D0EF51}.Release|Mixed Platforms.Build.0 = Release|Win32
		{D886CDF5-DC72-4E10-B1A9-638B85D0EF51}.Release|Win32.ActiveCfg = Release|Win32
		{D886CDF5-DC72-4E10-B1A9-638B85D0EF51}.Release|Win32.Build.0 = Release|Win32
		{D886CDF5-DC72-4E10-B1A9-638B85D0EF51}.Release|x64.ActiveCfg = Release|Win32
		{D886CDF5-DC72-4E10-B1A9-638B85D0EF51}.Release|x86.ActiveCfg = Release|Win32
		{D886CDF5-DC72-4E10-B1A9-638B85D0EF51}.Release|x86.Build.0 = Release|Win32
	EndGlobalSection
	GlobalSection(SolutionProperties) = preSolution
		HideSolutionNode = FALSE
	EndGlobalSection
EndGlobal
