
Microsoft Visual Studio Solution File, Format Version 12.00
# Visual Studio 15
VisualStudioVersion = 15.0.27130.2010
MinimumVisualStudioVersion = 10.0.40219.1
Project("{FAE04EC0-301F-11D3-BF4B-00C04F79EFBC}") = "ProtoLib", "ProtoLib.csproj", "{5E450E3C-12BE-4518-B6E7-6BDF67B6662B}"
EndProject
Global
	GlobalSection(SolutionConfigurationPlatforms) = preSolution
		Debug|Any CPU = Debug|Any CPU
		Release|Any CPU = Release|Any CPU
	EndGlobalSection
	GlobalSection(ProjectConfigurationPlatforms) = postSolution
		{5E450E3C-12BE-4518-B6E7-6BDF67B6662B}.Debug|Any CPU.ActiveCfg = Debug|Any CPU
		{5E450E3C-12BE-4518-B6E7-6BDF67B6662B}.Debug|Any CPU.Build.0 = Debug|Any CPU
		{5E450E3C-12BE-4518-B6E7-6BDF67B6662B}.Release|Any CPU.ActiveCfg = Release|Any CPU
		{5E450E3C-12BE-4518-B6E7-6BDF67B6662B}.Release|Any CPU.Build.0 = Release|Any CPU
	EndGlobalSection
	GlobalSection(SolutionProperties) = preSolution
		HideSolutionNode = FALSE
	EndGlobalSection
	GlobalSection(ExtensibilityGlobals) = postSolution
		SolutionGuid = {AECAA1AC-9DA6-443A-9B80-44283EE29DFA}
	EndGlobalSection
EndGlobal
